
Microsoft Visual Studio Solution File, Format Version 12.00
# Visual Studio Version 17
VisualStudioVersion = 17.6.33815.320
MinimumVisualStudioVersion = 10.0.40219.1
Project("{FAE04EC0-301F-11D3-BF4B-00C04F79EFBC}") = "PicSimu", "PicSimu\PicSimu.csproj", "{FC125D33-A8C6-4F27-AA55-656F47A6CD4F}"
EndProject
Global
	GlobalSection(SolutionConfigurationPlatforms) = preSolution
		Debug|Any CPU = Debug|Any CPU
		Release|Any CPU = Release|Any CPU
	EndGlobalSection
	GlobalSection(ProjectConfigurationPlatforms) = postSolution
		{FC125D33-A8C6-4F27-AA55-656F47A6CD4F}.Debug|Any CPU.ActiveCfg = Debug|Any CPU
		{FC125D33-A8C6-4F27-AA55-656F47A6CD4F}.Debug|Any CPU.Build.0 = Debug|Any CPU
		{FC125D33-A8C6-4F27-AA55-656F47A6CD4F}.Release|Any CPU.ActiveCfg = Release|Any CPU
		{FC125D33-A8C6-4F27-AA55-656F47A6CD4F}.Release|Any CPU.Build.0 = Release|Any CPU
	EndGlobalSection
	GlobalSection(SolutionProperties) = preSolution
		HideSolutionNode = FALSE
	EndGlobalSection
	GlobalSection(ExtensibilityGlobals) = postSolution
		SolutionGuid = {4D2BC8B1-327D-4265-B98A-D6FE628D46A7}
	EndGlobalSection
EndGlobal
